version = 1
revision = 2
requires-python = ">=3.12"

[[package]]
name = "jinja2"
version = "3.1.6"
source = { registry = "https://pypi.org/simple" }
dependencies = [
    { name = "markupsafe" },
]
sdist = { url = "https://files.pythonhosted.org/packages/df/bf/f7da0350254c0ed7c72f3e33cef02e048281fec7ecec5f032d4aac52226b/jinja2-3.1.6.tar.gz", hash = "sha256:0137fb05990d35f1275a587e9aee6d56da821fc83491a0fb838183be43f66d6d", size = 245115, upload-time = "2025-03-05T20:05:02.478Z" }
wheels = [
    { url = "https://files.pythonhosted.org/packages/62/a1/3d680cbfd5f4b8f15abc1d571870c5fc3e594bb582bc3b64ea099db13e56/jinja2-3.1.6-py3-none-any.whl", hash = "sha256:85ece4451f492d0c13c5dd7c13a64681a86afae63a5f347908daf103ce6d2f67", size = 134899, upload-time = "2025-03-05T20:05:00.369Z" },
]

[[package]]
name = "maimaibot"
version = "0.1.0"
source = { virtual = "." }
dependencies = [
    { name = "orjson" },
    { name = "polars" },
    { name = "pyecharts" },
]

[package.metadata]
requires-dist = [
    { name = "orjson", specifier = ">=3.11.1" },
    { name = "polars", specifier = ">=1.32.0" },
    { name = "pyecharts", specifier = ">=2.0.8" },
]

[[package]]
name = "markupsafe"
version = "3.0.2"
source = { registry = "https://pypi.org/simple" }
sdist = { url = "https://files.pythonhosted.org/packages/b2/97/5d42485e71dfc078108a86d6de8fa46db44a1a9295e89c5d6d4a06e23a62/markupsafe-3.0.2.tar.gz", hash = "sha256:ee55d3edf80167e48ea11a923c7386f4669df67d7994554387f84e7d8b0a2bf0", size = 20537, upload-time = "2024-10-18T15:21:54.129Z" }
wheels = [
    { url = "https://files.pythonhosted.org/packages/22/09/d1f21434c97fc42f09d290cbb6350d44eb12f09cc62c9476effdb33a18aa/MarkupSafe-3.0.2-cp312-cp312-macosx_10_13_universal2.whl", hash = "sha256:9778bd8ab0a994ebf6f84c2b949e65736d5575320a17ae8984a77fab08db94cf", size = 14274, upload-time = "2024-10-18T15:21:13.777Z" },
    { url = "https://files.pythonhosted.org/packages/6b/b0/18f76bba336fa5aecf79d45dcd6c806c280ec44538b3c13671d49099fdd0/MarkupSafe-3.0.2-cp312-cp312-macosx_11_0_arm64.whl", hash = "sha256:846ade7b71e3536c4e56b386c2a47adf5741d2d8b94ec9dc3e92e5e1ee1e2225", size = 12348, upload-time = "2024-10-18T15:21:14.822Z" },
    { url = "https://files.pythonhosted.org/packages/e0/25/dd5c0f6ac1311e9b40f4af06c78efde0f3b5cbf02502f8ef9501294c425b/MarkupSafe-3.0.2-cp312-cp312-manylinux_2_17_aarch64.manylinux2014_aarch64.whl", hash = "sha256:1c99d261bd2d5f6b59325c92c73df481e05e57f19837bdca8413b9eac4bd8028", size = 24149, upload-time = "2024-10-18T15:21:15.642Z" },
    { url = "https://files.pythonhosted.org/packages/f3/f0/89e7aadfb3749d0f52234a0c8c7867877876e0a20b60e2188e9850794c17/MarkupSafe-3.0.2-cp312-cp312-manylinux_2_17_x86_64.manylinux2014_x86_64.whl", hash = "sha256:e17c96c14e19278594aa4841ec148115f9c7615a47382ecb6b82bd8fea3ab0c8", size = 23118, upload-time = "2024-10-18T15:21:17.133Z" },
    { url = "https://files.pythonhosted.org/packages/d5/da/f2eeb64c723f5e3777bc081da884b414671982008c47dcc1873d81f625b6/MarkupSafe-3.0.2-cp312-cp312-manylinux_2_5_i686.manylinux1_i686.manylinux_2_17_i686.manylinux2014_i686.whl", hash = "sha256:88416bd1e65dcea10bc7569faacb2c20ce071dd1f87539ca2ab364bf6231393c", size = 22993, upload-time = "2024-10-18T15:21:18.064Z" },
    { url = "https://files.pythonhosted.org/packages/da/0e/1f32af846df486dce7c227fe0f2398dc7e2e51d4a370508281f3c1c5cddc/MarkupSafe-3.0.2-cp312-cp312-musllinux_1_2_aarch64.whl", hash = "sha256:2181e67807fc2fa785d0592dc2d6206c019b9502410671cc905d132a92866557", size = 24178, upload-time = "2024-10-18T15:21:18.859Z" },
    { url = "https://files.pythonhosted.org/packages/c4/f6/bb3ca0532de8086cbff5f06d137064c8410d10779c4c127e0e47d17c0b71/MarkupSafe-3.0.2-cp312-cp312-musllinux_1_2_i686.whl", hash = "sha256:52305740fe773d09cffb16f8ed0427942901f00adedac82ec8b67752f58a1b22", size = 23319, upload-time = "2024-10-18T15:21:19.671Z" },
    { url = "https://files.pythonhosted.org/packages/a2/82/8be4c96ffee03c5b4a034e60a31294daf481e12c7c43ab8e34a1453ee48b/MarkupSafe-3.0.2-cp312-cp312-musllinux_1_2_x86_64.whl", hash = "sha256:ad10d3ded218f1039f11a75f8091880239651b52e9bb592ca27de44eed242a48", size = 23352, upload-time = "2024-10-18T15:21:20.971Z" },
    { url = "https://files.pythonhosted.org/packages/51/ae/97827349d3fcffee7e184bdf7f41cd6b88d9919c80f0263ba7acd1bbcb18/MarkupSafe-3.0.2-cp312-cp312-win32.whl", hash = "sha256:0f4ca02bea9a23221c0182836703cbf8930c5e9454bacce27e767509fa286a30", size = 15097, upload-time = "2024-10-18T15:21:22.646Z" },
    { url = "https://files.pythonhosted.org/packages/c1/80/a61f99dc3a936413c3ee4e1eecac96c0da5ed07ad56fd975f1a9da5bc630/MarkupSafe-3.0.2-cp312-cp312-win_amd64.whl", hash = "sha256:8e06879fc22a25ca47312fbe7c8264eb0b662f6db27cb2d3bbbc74b1df4b9b87", size = 15601, upload-time = "2024-10-18T15:21:23.499Z" },
    { url = "https://files.pythonhosted.org/packages/83/0e/67eb10a7ecc77a0c2bbe2b0235765b98d164d81600746914bebada795e97/MarkupSafe-3.0.2-cp313-cp313-macosx_10_13_universal2.whl", hash = "sha256:ba9527cdd4c926ed0760bc301f6728ef34d841f405abf9d4f959c478421e4efd", size = 14274, upload-time = "2024-10-18T15:21:24.577Z" },
    { url = "https://files.pythonhosted.org/packages/2b/6d/9409f3684d3335375d04e5f05744dfe7e9f120062c9857df4ab490a1031a/MarkupSafe-3.0.2-cp313-cp313-macosx_11_0_arm64.whl", hash = "sha256:f8b3d067f2e40fe93e1ccdd6b2e1d16c43140e76f02fb1319a05cf2b79d99430", size = 12352, upload-time = "2024-10-18T15:21:25.382Z" },
    { url = "https://files.pythonhosted.org/packages/d2/f5/6eadfcd3885ea85fe2a7c128315cc1bb7241e1987443d78c8fe712d03091/MarkupSafe-3.0.2-cp313-cp313-manylinux_2_17_aarch64.manylinux2014_aarch64.whl", hash = "sha256:569511d3b58c8791ab4c2e1285575265991e6d8f8700c7be0e88f86cb0672094", size = 24122, upload-time = "2024-10-18T15:21:26.199Z" },
    { url = "https://files.pythonhosted.org/packages/0c/91/96cf928db8236f1bfab6ce15ad070dfdd02ed88261c2afafd4b43575e9e9/MarkupSafe-3.0.2-cp313-cp313-manylinux_2_17_x86_64.manylinux2014_x86_64.whl", hash = "sha256:15ab75ef81add55874e7ab7055e9c397312385bd9ced94920f2802310c930396", size = 23085, upload-time = "2024-10-18T15:21:27.029Z" },
    { url = "https://files.pythonhosted.org/packages/c2/cf/c9d56af24d56ea04daae7ac0940232d31d5a8354f2b457c6d856b2057d69/MarkupSafe-3.0.2-cp313-cp313-manylinux_2_5_i686.manylinux1_i686.manylinux_2_17_i686.manylinux2014_i686.whl", hash = "sha256:f3818cb119498c0678015754eba762e0d61e5b52d34c8b13d770f0719f7b1d79", size = 22978, upload-time = "2024-10-18T15:21:27.846Z" },
    { url = "https://files.pythonhosted.org/packages/2a/9f/8619835cd6a711d6272d62abb78c033bda638fdc54c4e7f4272cf1c0962b/MarkupSafe-3.0.2-cp313-cp313-musllinux_1_2_aarch64.whl", hash = "sha256:cdb82a876c47801bb54a690c5ae105a46b392ac6099881cdfb9f6e95e4014c6a", size = 24208, upload-time = "2024-10-18T15:21:28.744Z" },
    { url = "https://files.pythonhosted.org/packages/f9/bf/176950a1792b2cd2102b8ffeb5133e1ed984547b75db47c25a67d3359f77/MarkupSafe-3.0.2-cp313-cp313-musllinux_1_2_i686.whl", hash = "sha256:cabc348d87e913db6ab4aa100f01b08f481097838bdddf7c7a84b7575b7309ca", size = 23357, upload-time = "2024-10-18T15:21:29.545Z" },
    { url = "https://files.pythonhosted.org/packages/ce/4f/9a02c1d335caabe5c4efb90e1b6e8ee944aa245c1aaaab8e8a618987d816/MarkupSafe-3.0.2-cp313-cp313-musllinux_1_2_x86_64.whl", hash = "sha256:444dcda765c8a838eaae23112db52f1efaf750daddb2d9ca300bcae1039adc5c", size = 23344, upload-time = "2024-10-18T15:21:30.366Z" },
    { url = "https://files.pythonhosted.org/packages/ee/55/c271b57db36f748f0e04a759ace9f8f759ccf22b4960c270c78a394f58be/MarkupSafe-3.0.2-cp313-cp313-win32.whl", hash = "sha256:bcf3e58998965654fdaff38e58584d8937aa3096ab5354d493c77d1fdd66d7a1", size = 15101, upload-time = "2024-10-18T15:21:31.207Z" },
    { url = "https://files.pythonhosted.org/packages/29/88/07df22d2dd4df40aba9f3e402e6dc1b8ee86297dddbad4872bd5e7b0094f/MarkupSafe-3.0.2-cp313-cp313-win_amd64.whl", hash = "sha256:e6a2a455bd412959b57a172ce6328d2dd1f01cb2135efda2e4576e8a23fa3b0f", size = 15603, upload-time = "2024-10-18T15:21:32.032Z" },
    { url = "https://files.pythonhosted.org/packages/62/6a/8b89d24db2d32d433dffcd6a8779159da109842434f1dd2f6e71f32f738c/MarkupSafe-3.0.2-cp313-cp313t-macosx_10_13_universal2.whl", hash = "sha256:b5a6b3ada725cea8a5e634536b1b01c30bcdcd7f9c6fff4151548d5bf6b3a36c", size = 14510, upload-time = "2024-10-18T15:21:33.625Z" },
    { url = "https://files.pythonhosted.org/packages/7a/06/a10f955f70a2e5a9bf78d11a161029d278eeacbd35ef806c3fd17b13060d/MarkupSafe-3.0.2-cp313-cp313t-macosx_11_0_arm64.whl", hash = "sha256:a904af0a6162c73e3edcb969eeeb53a63ceeb5d8cf642fade7d39e7963a22ddb", size = 12486, upload-time = "2024-10-18T15:21:34.611Z" },
    { url = "https://files.pythonhosted.org/packages/34/cf/65d4a571869a1a9078198ca28f39fba5fbb910f952f9dbc5220afff9f5e6/MarkupSafe-3.0.2-cp313-cp313t-manylinux_2_17_aarch64.manylinux2014_aarch64.whl", hash = "sha256:4aa4e5faecf353ed117801a068ebab7b7e09ffb6e1d5e412dc852e0da018126c", size = 25480, upload-time = "2024-10-18T15:21:35.398Z" },
    { url = "https://files.pythonhosted.org/packages/0c/e3/90e9651924c430b885468b56b3d597cabf6d72be4b24a0acd1fa0e12af67/MarkupSafe-3.0.2-cp313-cp313t-manylinux_2_17_x86_64.manylinux2014_x86_64.whl", hash = "sha256:c0ef13eaeee5b615fb07c9a7dadb38eac06a0608b41570d8ade51c56539e509d", size = 23914, upload-time = "2024-10-18T15:21:36.231Z" },
    { url = "https://files.pythonhosted.org/packages/66/8c/6c7cf61f95d63bb866db39085150df1f2a5bd3335298f14a66b48e92659c/MarkupSafe-3.0.2-cp313-cp313t-manylinux_2_5_i686.manylinux1_i686.manylinux_2_17_i686.manylinux2014_i686.whl", hash = "sha256:d16a81a06776313e817c951135cf7340a3e91e8c1ff2fac444cfd75fffa04afe", size = 23796, upload-time = "2024-10-18T15:21:37.073Z" },
    { url = "https://files.pythonhosted.org/packages/bb/35/cbe9238ec3f47ac9a7c8b3df7a808e7cb50fe149dc7039f5f454b3fba218/MarkupSafe-3.0.2-cp313-cp313t-musllinux_1_2_aarch64.whl", hash = "sha256:6381026f158fdb7c72a168278597a5e3a5222e83ea18f543112b2662a9b699c5", size = 25473, upload-time = "2024-10-18T15:21:37.932Z" },
    { url = "https://files.pythonhosted.org/packages/e6/32/7621a4382488aa283cc05e8984a9c219abad3bca087be9ec77e89939ded9/MarkupSafe-3.0.2-cp313-cp313t-musllinux_1_2_i686.whl", hash = "sha256:3d79d162e7be8f996986c064d1c7c817f6df3a77fe3d6859f6f9e7be4b8c213a", size = 24114, upload-time = "2024-10-18T15:21:39.799Z" },
    { url = "https://files.pythonhosted.org/packages/0d/80/0985960e4b89922cb5a0bac0ed39c5b96cbc1a536a99f30e8c220a996ed9/MarkupSafe-3.0.2-cp313-cp313t-musllinux_1_2_x86_64.whl", hash = "sha256:131a3c7689c85f5ad20f9f6fb1b866f402c445b220c19fe4308c0b147ccd2ad9", size = 24098, upload-time = "2024-10-18T15:21:40.813Z" },
    { url = "https://files.pythonhosted.org/packages/82/78/fedb03c7d5380df2427038ec8d973587e90561b2d90cd472ce9254cf348b/MarkupSafe-3.0.2-cp313-cp313t-win32.whl", hash = "sha256:ba8062ed2cf21c07a9e295d5b8a2a5ce678b913b45fdf68c32d95d6c1291e0b6", size = 15208, upload-time = "2024-10-18T15:21:41.814Z" },
    { url = "https://files.pythonhosted.org/packages/4f/65/6079a46068dfceaeabb5dcad6d674f5f5c61a6fa5673746f42a9f4c233b3/MarkupSafe-3.0.2-cp313-cp313t-win_amd64.whl", hash = "sha256:e444a31f8db13eb18ada366ab3cf45fd4b31e4db1236a4448f68778c1d1a5a2f", size = 15739, upload-time = "2024-10-18T15:21:42.784Z" },
]

[[package]]
name = "orjson"
version = "3.11.1"
source = { registry = "https://pypi.org/simple" }
sdist = { url = "https://files.pythonhosted.org/packages/19/3b/fd9ff8ff64ae3900f11554d5cfc835fb73e501e043c420ad32ec574fe27f/orjson-3.11.1.tar.gz", hash = "sha256:48d82770a5fd88778063604c566f9c7c71820270c9cc9338d25147cbf34afd96", size = 5393373, upload-time = "2025-07-25T14:33:52.898Z" }
wheels = [
    { url = "https://files.pythonhosted.org/packages/98/77/e55513826b712807caadb2b733eee192c1df105c6bbf0d965c253b72f124/orjson-3.11.1-cp312-cp312-macosx_10_15_x86_64.macosx_11_0_arm64.macosx_10_15_universal2.whl", hash = "sha256:2b7c8be96db3a977367250c6367793a3c5851a6ca4263f92f0b48d00702f9910", size = 240955, upload-time = "2025-07-25T14:32:34.056Z" },
    { url = "https://files.pythonhosted.org/packages/c9/88/a78132dddcc9c3b80a9fa050b3516bb2c996a9d78ca6fb47c8da2a80a696/orjson-3.11.1-cp312-cp312-macosx_15_0_arm64.whl", hash = "sha256:72e18088f567bd4a45db5e3196677d9ed1605e356e500c8e32dd6e303167a13d", size = 129294, upload-time = "2025-07-25T14:32:35.323Z" },
    { url = "https://files.pythonhosted.org/packages/09/02/6591e0dcb2af6bceea96cb1b5f4b48c1445492a3ef2891ac4aa306bb6f73/orjson-3.11.1-cp312-cp312-manylinux_2_17_aarch64.manylinux2014_aarch64.whl", hash = "sha256:d346e2ae1ce17888f7040b65a5a4a0c9734cb20ffbd228728661e020b4c8b3a5", size = 132310, upload-time = "2025-07-25T14:32:36.53Z" },
    { url = "https://files.pythonhosted.org/packages/e9/36/c1cfbc617bcfa4835db275d5e0fe9bbdbe561a4b53d3b2de16540ec29c50/orjson-3.11.1-cp312-cp312-manylinux_2_17_armv7l.manylinux2014_armv7l.whl", hash = "sha256:4bda5426ebb02ceb806a7d7ec9ba9ee5e0c93fca62375151a7b1c00bc634d06b", size = 128529, upload-time = "2025-07-25T14:32:37.817Z" },
    { url = "https://files.pythonhosted.org/packages/7c/bd/91a156c5df3aaf1d68b2ab5be06f1969955a8d3e328d7794f4338ac1d017/orjson-3.11.1-cp312-cp312-manylinux_2_17_i686.manylinux2014_i686.whl", hash = "sha256:10506cebe908542c4f024861102673db534fd2e03eb9b95b30d94438fa220abf", size = 130925, upload-time = "2025-07-25T14:32:39.03Z" },
    { url = "https://files.pythonhosted.org/packages/a3/4c/a65cc24e9a5f87c9833a50161ab97b5edbec98bec99dfbba13827549debc/orjson-3.11.1-cp312-cp312-manylinux_2_17_ppc64le.manylinux2014_ppc64le.whl", hash = "sha256:45202ee3f5494644e064c41abd1320497fb92fd31fc73af708708af664ac3b56", size = 132432, upload-time = "2025-07-25T14:32:40.619Z" },
    { url = "https://files.pythonhosted.org/packages/2e/4d/3fc3e5d7115f4f7d01b481e29e5a79bcbcc45711a2723242787455424f40/orjson-3.11.1-cp312-cp312-manylinux_2_17_s390x.manylinux2014_s390x.whl", hash = "sha256:e5adaf01b92e0402a9ac5c3ebe04effe2bbb115f0914a0a53d34ea239a746289", size = 135069, upload-time = "2025-07-25T14:32:41.84Z" },
    { url = "https://files.pythonhosted.org/packages/dc/c6/7585aa8522af896060dc0cd7c336ba6c574ae854416811ee6642c505cc95/orjson-3.11.1-cp312-cp312-manylinux_2_17_x86_64.manylinux2014_x86_64.whl", hash = "sha256:6162a1a757a1f1f4a94bc6ffac834a3602e04ad5db022dd8395a54ed9dd51c81", size = 131045, upload-time = "2025-07-25T14:32:43.085Z" },
    { url = "https://files.pythonhosted.org/packages/6a/4e/b8a0a943793d2708ebc39e743c943251e08ee0f3279c880aefd8e9cb0c70/orjson-3.11.1-cp312-cp312-musllinux_1_2_aarch64.whl", hash = "sha256:78404206977c9f946613d3f916727c189d43193e708d760ea5d4b2087d6b0968", size = 130597, upload-time = "2025-07-25T14:32:44.336Z" },
    { url = "https://files.pythonhosted.org/packages/72/2b/7d30e2aed2f585d5d385fb45c71d9b16ba09be58c04e8767ae6edc6c9282/orjson-3.11.1-cp312-cp312-musllinux_1_2_armv7l.whl", hash = "sha256:db48f8e81072e26df6cdb0e9fff808c28597c6ac20a13d595756cf9ba1fed48a", size = 404207, upload-time = "2025-07-25T14:32:45.612Z" },
    { url = "https://files.pythonhosted.org/packages/1b/7e/772369ec66fcbce79477f0891918309594cd00e39b67a68d4c445d2ab754/orjson-3.11.1-cp312-cp312-musllinux_1_2_i686.whl", hash = "sha256:0c1e394e67ced6bb16fea7054d99fbdd99a539cf4d446d40378d4c06e0a8548d", size = 146628, upload-time = "2025-07-25T14:32:46.981Z" },
    { url = "https://files.pythonhosted.org/packages/b4/c8/62bdb59229d7e393ae309cef41e32cc1f0b567b21dfd0742da70efb8b40c/orjson-3.11.1-cp312-cp312-musllinux_1_2_x86_64.whl", hash = "sha256:e7a840752c93d4eecd1378e9bb465c3703e127b58f675cd5c620f361b6cf57a4", size = 135449, upload-time = "2025-07-25T14:32:48.727Z" },
    { url = "https://files.pythonhosted.org/packages/02/47/1c99aa60e19f781424eabeaacd9e999eafe5b59c81ead4273b773f0f3af1/orjson-3.11.1-cp312-cp312-win32.whl", hash = "sha256:4537b0e09f45d2b74cb69c7f39ca1e62c24c0488d6bf01cd24673c74cd9596bf", size = 136653, upload-time = "2025-07-25T14:32:50.622Z" },
    { url = "https://files.pythonhosted.org/packages/31/9a/132999929a2892ab07e916669accecc83e5bff17e11a1186b4c6f23231f0/orjson-3.11.1-cp312-cp312-win_amd64.whl", hash = "sha256:dbee6b050062540ae404530cacec1bf25e56e8d87d8d9b610b935afeb6725cae", size = 131426, upload-time = "2025-07-25T14:32:51.883Z" },
    { url = "https://files.pythonhosted.org/packages/9c/77/d984ee5a1ca341090902e080b187721ba5d1573a8d9759e0c540975acfb2/orjson-3.11.1-cp312-cp312-win_arm64.whl", hash = "sha256:f55e557d4248322d87c4673e085c7634039ff04b47bfc823b87149ae12bef60d", size = 126635, upload-time = "2025-07-25T14:32:53.2Z" },
    { url = "https://files.pythonhosted.org/packages/c9/e9/880ef869e6f66279ce3a381a32afa0f34e29a94250146911eee029e56efc/orjson-3.11.1-cp313-cp313-macosx_10_15_x86_64.macosx_11_0_arm64.macosx_10_15_universal2.whl", hash = "sha256:53cfefe4af059e65aabe9683f76b9c88bf34b4341a77d329227c2424e0e59b0e", size = 240835, upload-time = "2025-07-25T14:32:54.507Z" },
    { url = "https://files.pythonhosted.org/packages/f0/1f/52039ef3d03eeea21763b46bc99ebe11d9de8510c72b7b5569433084a17e/orjson-3.11.1-cp313-cp313-macosx_15_0_arm64.whl", hash = "sha256:93d5abed5a6f9e1b6f9b5bf6ed4423c11932b5447c2f7281d3b64e0f26c6d064", size = 129226, upload-time = "2025-07-25T14:32:55.908Z" },
    { url = "https://files.pythonhosted.org/packages/ee/da/59fdffc9465a760be2cd3764ef9cd5535eec8f095419f972fddb123b6d0e/orjson-3.11.1-cp313-cp313-manylinux_2_17_aarch64.manylinux2014_aarch64.whl", hash = "sha256:5dbf06642f3db2966df504944cdd0eb68ca2717f0353bb20b20acd78109374a6", size = 132261, upload-time = "2025-07-25T14:32:57.538Z" },
    { url = "https://files.pythonhosted.org/packages/bb/5c/8610911c7e969db7cf928c8baac4b2f1e68d314bc3057acf5ca64f758435/orjson-3.11.1-cp313-cp313-manylinux_2_17_armv7l.manylinux2014_armv7l.whl", hash = "sha256:dddf4e78747fa7f2188273f84562017a3c4f0824485b78372513c1681ea7a894", size = 128614, upload-time = "2025-07-25T14:32:58.808Z" },
    { url = "https://files.pythonhosted.org/packages/f7/a1/a1db9d4310d014c90f3b7e9b72c6fb162cba82c5f46d0b345669eaebdd3a/orjson-3.11.1-cp313-cp313-manylinux_2_17_i686.manylinux2014_i686.whl", hash = "sha256:fa3fe8653c9f57f0e16f008e43626485b6723b84b2f741f54d1258095b655912", size = 130968, upload-time = "2025-07-25T14:33:00.038Z" },
    { url = "https://files.pythonhosted.org/packages/56/ff/11acd1fd7c38ea7a1b5d6bf582ae3da05931bee64620995eb08fd63c77fe/orjson-3.11.1-cp313-cp313-manylinux_2_17_ppc64le.manylinux2014_ppc64le.whl", hash = "sha256:6334d2382aff975a61f6f4d1c3daf39368b887c7de08f7c16c58f485dcf7adb2", size = 132439, upload-time = "2025-07-25T14:33:01.354Z" },
    { url = "https://files.pythonhosted.org/packages/70/f9/bb564dd9450bf8725e034a8ad7f4ae9d4710a34caf63b85ce1c0c6d40af0/orjson-3.11.1-cp313-cp313-manylinux_2_17_s390x.manylinux2014_s390x.whl", hash = "sha256:a3d0855b643f259ee0cb76fe3df4c04483354409a520a902b067c674842eb6b8", size = 135299, upload-time = "2025-07-25T14:33:03.079Z" },
    { url = "https://files.pythonhosted.org/packages/94/bb/c8eafe6051405e241dda3691db4d9132d3c3462d1d10a17f50837dd130b4/orjson-3.11.1-cp313-cp313-manylinux_2_17_x86_64.manylinux2014_x86_64.whl", hash = "sha256:0eacdfeefd0a79987926476eb16e0245546bedeb8febbbbcf4b653e79257a8e4", size = 131004, upload-time = "2025-07-25T14:33:04.416Z" },
    { url = "https://files.pythonhosted.org/packages/a2/40/bed8d7dcf1bd2df8813bf010a25f645863a2f75e8e0ebdb2b55784cf1a62/orjson-3.11.1-cp313-cp313-musllinux_1_2_aarch64.whl", hash = "sha256:0ed07faf9e4873518c60480325dcbc16d17c59a165532cccfb409b4cdbaeff24", size = 130583, upload-time = "2025-07-25T14:33:05.768Z" },
    { url = "https://files.pythonhosted.org/packages/57/e7/cfa2eb803ad52d74fbb5424a429b5be164e51d23f1d853e5e037173a5c48/orjson-3.11.1-cp313-cp313-musllinux_1_2_armv7l.whl", hash = "sha256:d6d308dd578ae3658f62bb9eba54801533225823cd3248c902be1ebc79b5e014", size = 404218, upload-time = "2025-07-25T14:33:07.117Z" },
    { url = "https://files.pythonhosted.org/packages/d5/21/bc703af5bc6e9c7e18dcf4404dcc4ec305ab9bb6c82d3aee5952c0c56abf/orjson-3.11.1-cp313-cp313-musllinux_1_2_i686.whl", hash = "sha256:c4aa13ca959ba6b15c0a98d3d204b850f9dc36c08c9ce422ffb024eb30d6e058", size = 146605, upload-time = "2025-07-25T14:33:08.55Z" },
    { url = "https://files.pythonhosted.org/packages/8f/fe/d26a0150534c4965a06f556aa68bf3c3b82999d5d7b0facd3af7b390c4af/orjson-3.11.1-cp313-cp313-musllinux_1_2_x86_64.whl", hash = "sha256:be3d0653322abc9b68e5bcdaee6cfd58fcbe9973740ab222b87f4d687232ab1f", size = 135434, upload-time = "2025-07-25T14:33:09.967Z" },
    { url = "https://files.pythonhosted.org/packages/89/b6/1cb28365f08cbcffc464f8512320c6eb6db6a653f03d66de47ea3c19385f/orjson-3.11.1-cp313-cp313-win32.whl", hash = "sha256:4dd34e7e2518de8d7834268846f8cab7204364f427c56fb2251e098da86f5092", size = 136596, upload-time = "2025-07-25T14:33:11.333Z" },
    { url = "https://files.pythonhosted.org/packages/f9/35/7870d0d3ed843652676d84d8a6038791113eacc85237b673b925802826b8/orjson-3.11.1-cp313-cp313-win_amd64.whl", hash = "sha256:d6895d32032b6362540e6d0694b19130bb4f2ad04694002dce7d8af588ca5f77", size = 131319, upload-time = "2025-07-25T14:33:12.614Z" },
    { url = "https://files.pythonhosted.org/packages/b7/3e/5bcd50fd865eb664d4edfdaaaff51e333593ceb5695a22c0d0a0d2b187ba/orjson-3.11.1-cp313-cp313-win_arm64.whl", hash = "sha256:bb7c36d5d3570fcbb01d24fa447a21a7fe5a41141fd88e78f7994053cc4e28f4", size = 126613, upload-time = "2025-07-25T14:33:13.927Z" },
    { url = "https://files.pythonhosted.org/packages/61/d8/0a5cd31ed100b4e569e143cb0cddefc21f0bcb8ce284f44bca0bb0e10f3d/orjson-3.11.1-cp314-cp314-macosx_10_15_x86_64.macosx_11_0_arm64.macosx_10_15_universal2.whl", hash = "sha256:7b71ef394327b3d0b39f6ea7ade2ecda2731a56c6a7cbf0d6a7301203b92a89b", size = 240819, upload-time = "2025-07-25T14:33:15.223Z" },
    { url = "https://files.pythonhosted.org/packages/b9/95/7eb2c76c92192ceca16bc81845ff100bbb93f568b4b94d914b6a4da47d61/orjson-3.11.1-cp314-cp314-macosx_15_0_arm64.whl", hash = "sha256:77c0fe28ed659b62273995244ae2aa430e432c71f86e4573ab16caa2f2e3ca5e", size = 129218, upload-time = "2025-07-25T14:33:16.637Z" },
    { url = "https://files.pythonhosted.org/packages/da/84/e6b67f301b18adbbc346882f456bea44daebbd032ba725dbd7b741e3a7f1/orjson-3.11.1-cp314-cp314-manylinux_2_34_aarch64.whl", hash = "sha256:1495692f1f1ba2467df429343388a0ed259382835922e124c0cfdd56b3d1f727", size = 132238, upload-time = "2025-07-25T14:33:17.934Z" },
    { url = "https://files.pythonhosted.org/packages/84/78/a45a86e29d9b2f391f9d00b22da51bc4b46b86b788fd42df2c5fcf3e8005/orjson-3.11.1-cp314-cp314-manylinux_2_34_x86_64.whl", hash = "sha256:08c6a762fca63ca4dc04f66c48ea5d2428db55839fec996890e1bfaf057b658c", size = 130998, upload-time = "2025-07-25T14:33:19.282Z" },
    { url = "https://files.pythonhosted.org/packages/ea/8f/6eb3ee6760d93b2ce996a8529164ee1f5bafbdf64b74c7314b68db622b32/orjson-3.11.1-cp314-cp314-musllinux_1_2_aarch64.whl", hash = "sha256:9e26794fe3976810b2c01fda29bd9ac7c91a3c1284b29cc9a383989f7b614037", size = 130559, upload-time = "2025-07-25T14:33:20.589Z" },
    { url = "https://files.pythonhosted.org/packages/1b/78/9572ae94bdba6813917c9387e7834224c011ea6b4530ade07d718fd31598/orjson-3.11.1-cp314-cp314-musllinux_1_2_armv7l.whl", hash = "sha256:4b4b4f8f0b1d3ef8dc73e55363a0ffe012a42f4e2f1a140bf559698dca39b3fa", size = 404231, upload-time = "2025-07-25T14:33:22.019Z" },
    { url = "https://files.pythonhosted.org/packages/1f/a3/68381ad0757e084927c5ee6cfdeab1c6c89405949ee493db557e60871c4c/orjson-3.11.1-cp314-cp314-musllinux_1_2_i686.whl", hash = "sha256:848be553ea35aa89bfefbed2e27c8a41244c862956ab8ba00dc0b27e84fd58de", size = 146658, upload-time = "2025-07-25T14:33:23.675Z" },
    { url = "https://files.pythonhosted.org/packages/00/db/fac56acf77aab778296c3f541a3eec643266f28ecd71d6c0cba251e47655/orjson-3.11.1-cp314-cp314-musllinux_1_2_x86_64.whl", hash = "sha256:c964c29711a4b1df52f8d9966f015402a6cf87753a406c1c4405c407dd66fd45", size = 135443, upload-time = "2025-07-25T14:33:25.04Z" },
    { url = "https://files.pythonhosted.org/packages/76/b1/326fa4b87426197ead61c1eec2eeb3babc9eb33b480ac1f93894e40c8c08/orjson-3.11.1-cp314-cp314-win32.whl", hash = "sha256:33aada2e6b6bc9c540d396528b91e666cedb383740fee6e6a917f561b390ecb1", size = 136643, upload-time = "2025-07-25T14:33:26.449Z" },
    { url = "https://files.pythonhosted.org/packages/0f/8e/2987ae2109f3bfd39680f8a187d1bc09ad7f8fb019dcdc719b08c7242ade/orjson-3.11.1-cp314-cp314-win_amd64.whl", hash = "sha256:68e10fd804e44e36188b9952543e3fa22f5aa8394da1b5283ca2b423735c06e8", size = 131324, upload-time = "2025-07-25T14:33:27.896Z" },
    { url = "https://files.pythonhosted.org/packages/21/5f/253e08e6974752b124fbf3a4de3ad53baa766b0cb4a333d47706d307e396/orjson-3.11.1-cp314-cp314-win_arm64.whl", hash = "sha256:f3cf6c07f8b32127d836be8e1c55d4f34843f7df346536da768e9f73f22078a1", size = 126605, upload-time = "2025-07-25T14:33:29.244Z" },
]

[[package]]
name = "polars"
version = "1.32.0"
source = { registry = "https://pypi.org/simple" }
sdist = { url = "https://files.pythonhosted.org/packages/67/23/6a5f151981f3ac409bed6dc48a3eaecd0592a03eb382693d4c7e749eda8b/polars-1.32.0.tar.gz", hash = "sha256:b01045981c0f23eeccfbfc870b782f93e73b74b29212fdfc8aae0be9024bc1fb", size = 4761045, upload-time = "2025-08-01T01:43:22.413Z" }
wheels = [
    { url = "https://files.pythonhosted.org/packages/e2/40/5b27067d10b5a77ab4094932118e16629ffb20ea9ae5f7d1178e04087891/polars-1.32.0-cp39-abi3-macosx_10_12_x86_64.whl", hash = "sha256:94f7c6a3b30bc99bc6b682ea42bb1ae983e33a302ca21aacbac50ae19e34fcf2", size = 37479518, upload-time = "2025-08-01T01:42:18.603Z" },
    { url = "https://files.pythonhosted.org/packages/08/b7/ca28ac10d340fb91bffb2751efd52aebc9799ae161b867214c6299c8f75b/polars-1.32.0-cp39-abi3-macosx_11_0_arm64.whl", hash = "sha256:8bf14c16164839e62c741a863942a94a9a463db21e797452fca996c8afaf8827", size = 34214196, upload-time = "2025-08-01T01:42:22.667Z" },
    { url = "https://files.pythonhosted.org/packages/61/97/fe3797e8e1d4f9eadab32ffe218a841b8874585b6c9bd0f1a26469fb2992/polars-1.32.0-cp39-abi3-manylinux_2_17_x86_64.manylinux2014_x86_64.whl", hash = "sha256:f4c15adb97d44766d30c759f5cebbdb64d361e8349ef10b5afc7413f71bf4b72", size = 37985353, upload-time = "2025-08-01T01:42:26.033Z" },
    { url = "https://files.pythonhosted.org/packages/a0/7e/2baa2858556e970cc6a35c0d8ad34b2f9d982f1766c0a1fec20ca529a947/polars-1.32.0-cp39-abi3-manylinux_2_24_aarch64.whl", hash = "sha256:13af55890734f89b76016a395fb2e7460e7d9feecf50ed2f55cf0f05a1c0c991", size = 35183912, upload-time = "2025-08-01T01:42:30.446Z" },
    { url = "https://files.pythonhosted.org/packages/ef/41/0e6821dccc5871186a9b95af3990404aa283318263918d33ac974b35cb37/polars-1.32.0-cp39-abi3-win_amd64.whl", hash = "sha256:0397fc2501a5d5f1bb3fe8d27e0c26c7a5349b4110157c0fb7833cd3f5921c9e", size = 37747905, upload-time = "2025-08-01T01:42:33.975Z" },
    { url = "https://files.pythonhosted.org/packages/c2/93/d06df0817da93f922a67e27e9e0f407856991374daa62687e2a45a18935c/polars-1.32.0-cp39-abi3-win_arm64.whl", hash = "sha256:dd84e24422509e1ec9be46f67f758d0bd9944d1ae4eacecee4f53adaa8ecd822", size = 33978543, upload-time = "2025-08-01T01:42:36.779Z" },
]

[[package]]
name = "prettytable"
version = "3.16.0"
source = { registry = "https://pypi.org/simple" }
dependencies = [
    { name = "wcwidth" },
]
sdist = { url = "https://files.pythonhosted.org/packages/99/b1/85e18ac92afd08c533603e3393977b6bc1443043115a47bb094f3b98f94f/prettytable-3.16.0.tar.gz", hash = "sha256:3c64b31719d961bf69c9a7e03d0c1e477320906a98da63952bc6698d6164ff57", size = 66276, upload-time = "2025-03-24T19:39:04.008Z" }
wheels = [
    { url = "https://files.pythonhosted.org/packages/02/c7/5613524e606ea1688b3bdbf48aa64bafb6d0a4ac3750274c43b6158a390f/prettytable-3.16.0-py3-none-any.whl", hash = "sha256:b5eccfabb82222f5aa46b798ff02a8452cf530a352c31bddfa29be41242863aa", size = 33863, upload-time = "2025-03-24T19:39:02.359Z" },
]

[[package]]
name = "pyecharts"
version = "2.0.8"
source = { registry = "https://pypi.org/simple" }
dependencies = [
    { name = "jinja2" },
    { name = "prettytable" },
    { name = "simplejson" },
]
sdist = { url = "https://files.pythonhosted.org/packages/98/68/c86a3960ab5d97709237e91a5136ae02079c3c39c83192ca16f1a25f8b1a/pyecharts-2.0.8.tar.gz", hash = "sha256:908dbd939862dd3c76bb53697bdb41d3cdd0b5ba48ca69a76a6085d0aa27dbdf", size = 165148, upload-time = "2025-01-24T03:10:07.179Z" }
wheels = [
    { url = "https://files.pythonhosted.org/packages/ae/18/383622b338e4f6948ba1b75a8155d748ce097ead08a4163ca763f0ad510e/pyecharts-2.0.8-py3-none-any.whl", hash = "sha256:8b711ba139f39f89bc1b2a869d7adda89dc74c910d158a1f9063109fe66bc985", size = 153686, upload-time = "2025-01-24T03:10:03.737Z" },
]

[[package]]
name = "simplejson"
version = "3.20.1"
source = { registry = "https://pypi.org/simple" }
sdist = { url = "https://files.pythonhosted.org/packages/af/92/51b417685abd96b31308b61b9acce7ec50d8e1de8fbc39a7fd4962c60689/simplejson-3.20.1.tar.gz", hash = "sha256:e64139b4ec4f1f24c142ff7dcafe55a22b811a74d86d66560c8815687143037d", size = 85591, upload-time = "2025-02-15T05:18:53.15Z" }
wheels = [
    { url = "https://files.pythonhosted.org/packages/8d/eb/34c16a1ac9ba265d024dc977ad84e1659d931c0a700967c3e59a98ed7514/simplejson-3.20.1-cp312-cp312-macosx_10_9_universal2.whl", hash = "sha256:f31c4a3a7ab18467ee73a27f3e59158255d1520f3aad74315edde7a940f1be23", size = 93100, upload-time = "2025-02-15T05:16:38.801Z" },
    { url = "https://files.pythonhosted.org/packages/41/fc/2c2c007d135894971e6814e7c0806936e5bade28f8db4dd7e2a58b50debd/simplejson-3.20.1-cp312-cp312-macosx_10_9_x86_64.whl", hash = "sha256:884e6183d16b725e113b83a6fc0230152ab6627d4d36cb05c89c2c5bccfa7bc6", size = 75464, upload-time = "2025-02-15T05:16:40.905Z" },
    { url = "https://files.pythonhosted.org/packages/0f/05/2b5ecb33b776c34bb5cace5de5d7669f9b60e3ca13c113037b2ca86edfbd/simplejson-3.20.1-cp312-cp312-macosx_11_0_arm64.whl", hash = "sha256:03d7a426e416fe0d3337115f04164cd9427eb4256e843a6b8751cacf70abc832", size = 75112, upload-time = "2025-02-15T05:16:42.246Z" },
    { url = "https://files.pythonhosted.org/packages/fe/36/1f3609a2792f06cd4b71030485f78e91eb09cfd57bebf3116bf2980a8bac/simplejson-3.20.1-cp312-cp312-manylinux_2_17_aarch64.manylinux2014_aarch64.whl", hash = "sha256:000602141d0bddfcff60ea6a6e97d5e10c9db6b17fd2d6c66199fa481b6214bb", size = 150182, upload-time = "2025-02-15T05:16:43.557Z" },
    { url = "https://files.pythonhosted.org/packages/2f/b0/053fbda38b8b602a77a4f7829def1b4f316cd8deb5440a6d3ee90790d2a4/simplejson-3.20.1-cp312-cp312-manylinux_2_17_ppc64le.manylinux2014_ppc64le.whl", hash = "sha256:af8377a8af78226e82e3a4349efdde59ffa421ae88be67e18cef915e4023a595", size = 158363, upload-time = "2025-02-15T05:16:45.748Z" },
    { url = "https://files.pythonhosted.org/packages/d1/4b/2eb84ae867539a80822e92f9be4a7200dffba609275faf99b24141839110/simplejson-3.20.1-cp312-cp312-manylinux_2_5_i686.manylinux1_i686.manylinux_2_17_i686.manylinux2014_i686.whl", hash = "sha256:15c7de4c88ab2fbcb8781a3b982ef883696736134e20b1210bca43fb42ff1acf", size = 148415, upload-time = "2025-02-15T05:16:47.861Z" },
    { url = "https://files.pythonhosted.org/packages/e0/bd/400b0bd372a5666addf2540c7358bfc3841b9ce5cdbc5cc4ad2f61627ad8/simplejson-3.20.1-cp312-cp312-manylinux_2_5_x86_64.manylinux1_x86_64.manylinux_2_17_x86_64.manylinux2014_x86_64.whl", hash = "sha256:455a882ff3f97d810709f7b620007d4e0aca8da71d06fc5c18ba11daf1c4df49", size = 152213, upload-time = "2025-02-15T05:16:49.25Z" },
    { url = "https://files.pythonhosted.org/packages/50/12/143f447bf6a827ee9472693768dc1a5eb96154f8feb140a88ce6973a3cfa/simplejson-3.20.1-cp312-cp312-musllinux_1_2_aarch64.whl", hash = "sha256:fc0f523ce923e7f38eb67804bc80e0a028c76d7868500aa3f59225574b5d0453", size = 150048, upload-time = "2025-02-15T05:16:51.5Z" },
    { url = "https://files.pythonhosted.org/packages/5e/ea/dd9b3e8e8ed710a66f24a22c16a907c9b539b6f5f45fd8586bd5c231444e/simplejson-3.20.1-cp312-cp312-musllinux_1_2_i686.whl", hash = "sha256:76461ec929282dde4a08061071a47281ad939d0202dc4e63cdd135844e162fbc", size = 151668, upload-time = "2025-02-15T05:16:53Z" },
    { url = "https://files.pythonhosted.org/packages/99/af/ee52a8045426a0c5b89d755a5a70cc821815ef3c333b56fbcad33c4435c0/simplejson-3.20.1-cp312-cp312-musllinux_1_2_ppc64le.whl", hash = "sha256:ab19c2da8c043607bde4d4ef3a6b633e668a7d2e3d56f40a476a74c5ea71949f", size = 158840, upload-time = "2025-02-15T05:16:54.851Z" },
    { url = "https://files.pythonhosted.org/packages/68/db/ab32869acea6b5de7d75fa0dac07a112ded795d41eaa7e66c7813b17be95/simplejson-3.20.1-cp312-cp312-musllinux_1_2_x86_64.whl", hash = "sha256:b2578bedaedf6294415197b267d4ef678fea336dd78ee2a6d2f4b028e9d07be3", size = 154212, upload-time = "2025-02-15T05:16:56.318Z" },
    { url = "https://files.pythonhosted.org/packages/fa/7a/e3132d454977d75a3bf9a6d541d730f76462ebf42a96fea2621498166f41/simplejson-3.20.1-cp312-cp312-win32.whl", hash = "sha256:339f407373325a36b7fd744b688ba5bae0666b5d340ec6d98aebc3014bf3d8ea", size = 74101, upload-time = "2025-02-15T05:16:57.746Z" },
    { url = "https://files.pythonhosted.org/packages/bc/5d/4e243e937fa3560107c69f6f7c2eed8589163f5ed14324e864871daa2dd9/simplejson-3.20.1-cp312-cp312-win_amd64.whl", hash = "sha256:627d4486a1ea7edf1f66bb044ace1ce6b4c1698acd1b05353c97ba4864ea2e17", size = 75736, upload-time = "2025-02-15T05:16:59.017Z" },
    { url = "https://files.pythonhosted.org/packages/c4/03/0f453a27877cb5a5fff16a975925f4119102cc8552f52536b9a98ef0431e/simplejson-3.20.1-cp313-cp313-macosx_10_13_universal2.whl", hash = "sha256:71e849e7ceb2178344998cbe5ade101f1b329460243c79c27fbfc51c0447a7c3", size = 93109, upload-time = "2025-02-15T05:17:00.377Z" },
    { url = "https://files.pythonhosted.org/packages/74/1f/a729f4026850cabeaff23e134646c3f455e86925d2533463420635ae54de/simplejson-3.20.1-cp313-cp313-macosx_10_13_x86_64.whl", hash = "sha256:b63fdbab29dc3868d6f009a59797cefaba315fd43cd32ddd998ee1da28e50e29", size = 75475, upload-time = "2025-02-15T05:17:02.544Z" },
    { url = "https://files.pythonhosted.org/packages/e2/14/50a2713fee8ff1f8d655b1a14f4a0f1c0c7246768a1b3b3d12964a4ed5aa/simplejson-3.20.1-cp313-cp313-macosx_11_0_arm64.whl", hash = "sha256:1190f9a3ce644fd50ec277ac4a98c0517f532cfebdcc4bd975c0979a9f05e1fb", size = 75112, upload-time = "2025-02-15T05:17:03.875Z" },
    { url = "https://files.pythonhosted.org/packages/45/86/ea9835abb646755140e2d482edc9bc1e91997ed19a59fd77ae4c6a0facea/simplejson-3.20.1-cp313-cp313-manylinux_2_17_aarch64.manylinux2014_aarch64.whl", hash = "sha256:c1336ba7bcb722ad487cd265701ff0583c0bb6de638364ca947bb84ecc0015d1", size = 150245, upload-time = "2025-02-15T05:17:06.899Z" },
    { url = "https://files.pythonhosted.org/packages/12/b4/53084809faede45da829fe571c65fbda8479d2a5b9c633f46b74124d56f5/simplejson-3.20.1-cp313-cp313-manylinux_2_17_ppc64le.manylinux2014_ppc64le.whl", hash = "sha256:e975aac6a5acd8b510eba58d5591e10a03e3d16c1cf8a8624ca177491f7230f0", size = 158465, upload-time = "2025-02-15T05:17:08.707Z" },
    { url = "https://files.pythonhosted.org/packages/a9/7d/d56579468d1660b3841e1f21c14490d103e33cf911886b22652d6e9683ec/simplejson-3.20.1-cp313-cp313-manylinux_2_5_i686.manylinux1_i686.manylinux_2_17_i686.manylinux2014_i686.whl", hash = "sha256:6a6dd11ee282937ad749da6f3b8d87952ad585b26e5edfa10da3ae2536c73078", size = 148514, upload-time = "2025-02-15T05:17:11.323Z" },
    { url = "https://files.pythonhosted.org/packages/19/e3/874b1cca3d3897b486d3afdccc475eb3a09815bf1015b01cf7fcb52a55f0/simplejson-3.20.1-cp313-cp313-manylinux_2_5_x86_64.manylinux1_x86_64.manylinux_2_17_x86_64.manylinux2014_x86_64.whl", hash = "sha256:ab980fcc446ab87ea0879edad41a5c28f2d86020014eb035cf5161e8de4474c6", size = 152262, upload-time = "2025-02-15T05:17:13.543Z" },
    { url = "https://files.pythonhosted.org/packages/32/84/f0fdb3625292d945c2bd13a814584603aebdb38cfbe5fe9be6b46fe598c4/simplejson-3.20.1-cp313-cp313-musllinux_1_2_aarch64.whl", hash = "sha256:f5aee2a4cb6b146bd17333ac623610f069f34e8f31d2f4f0c1a2186e50c594f0", size = 150164, upload-time = "2025-02-15T05:17:15.021Z" },
    { url = "https://files.pythonhosted.org/packages/95/51/6d625247224f01eaaeabace9aec75ac5603a42f8ebcce02c486fbda8b428/simplejson-3.20.1-cp313-cp313-musllinux_1_2_i686.whl", hash = "sha256:652d8eecbb9a3b6461b21ec7cf11fd0acbab144e45e600c817ecf18e4580b99e", size = 151795, upload-time = "2025-02-15T05:17:16.542Z" },
    { url = "https://files.pythonhosted.org/packages/7f/d9/bb921df6b35be8412f519e58e86d1060fddf3ad401b783e4862e0a74c4c1/simplejson-3.20.1-cp313-cp313-musllinux_1_2_ppc64le.whl", hash = "sha256:8c09948f1a486a89251ee3a67c9f8c969b379f6ffff1a6064b41fea3bce0a112", size = 159027, upload-time = "2025-02-15T05:17:18.083Z" },
    { url = "https://files.pythonhosted.org/packages/03/c5/5950605e4ad023a6621cf4c931b29fd3d2a9c1f36be937230bfc83d7271d/simplejson-3.20.1-cp313-cp313-musllinux_1_2_x86_64.whl", hash = "sha256:cbbd7b215ad4fc6f058b5dd4c26ee5c59f72e031dfda3ac183d7968a99e4ca3a", size = 154380, upload-time = "2025-02-15T05:17:20.334Z" },
    { url = "https://files.pythonhosted.org/packages/66/ad/b74149557c5ec1e4e4d55758bda426f5d2ec0123cd01a53ae63b8de51fa3/simplejson-3.20.1-cp313-cp313-win32.whl", hash = "sha256:ae81e482476eaa088ef9d0120ae5345de924f23962c0c1e20abbdff597631f87", size = 74102, upload-time = "2025-02-15T05:17:22.475Z" },
    { url = "https://files.pythonhosted.org/packages/db/a9/25282fdd24493e1022f30b7f5cdf804255c007218b2bfaa655bd7ad34b2d/simplejson-3.20.1-cp313-cp313-win_amd64.whl", hash = "sha256:1b9fd15853b90aec3b1739f4471efbf1ac05066a2c7041bf8db821bb73cd2ddc", size = 75736, upload-time = "2025-02-15T05:17:24.122Z" },
    { url = "https://files.pythonhosted.org/packages/4b/30/00f02a0a921556dd5a6db1ef2926a1bc7a8bbbfb1c49cfed68a275b8ab2b/simplejson-3.20.1-py3-none-any.whl", hash = "sha256:8a6c1bbac39fa4a79f83cbf1df6ccd8ff7069582a9fd8db1e52cea073bc2c697", size = 57121, upload-time = "2025-02-15T05:18:51.243Z" },
]

[[package]]
name = "wcwidth"
version = "0.2.13"
source = { registry = "https://pypi.org/simple" }
sdist = { url = "https://files.pythonhosted.org/packages/6c/63/53559446a878410fc5a5974feb13d31d78d752eb18aeba59c7fef1af7598/wcwidth-0.2.13.tar.gz", hash = "sha256:72ea0c06399eb286d978fdedb6923a9eb47e1c486ce63e9b4e64fc18303972b5", size = 101301, upload-time = "2024-01-06T02:10:57.829Z" }
wheels = [
    { url = "https://files.pythonhosted.org/packages/fd/84/fd2ba7aafacbad3c4201d395674fc6348826569da3c0937e75505ead3528/wcwidth-0.2.13-py2.py3-none-any.whl", hash = "sha256:3da69048e4540d84af32131829ff948f1e022c1c6bdb8d6102117aac784f6859", size = 34166, upload-time = "2024-01-06T02:10:55.763Z" },
]
